
Microsoft Visual Studio Solution File, Format Version 12.00
# Visual Studio Version 17
VisualStudioVersion = 17.5.002.0
MinimumVisualStudioVersion = 10.0.40219.1
Project("{2150E333-8FDC-42A3-9474-1A3956D46DE8}") = "out", "out", "{E6052163-E33F-4C06-A5B0-88B5CA8254D1}"
EndProject
Project("{2150E333-8FDC-42A3-9474-1A3956D46DE8}") = "src", "src", "{51C0DB47-1C97-4106-9B3E-0A0F55136E1C}"
EndProject
Project("{9A19103F-16F7-4668-BE54-9A1E7A4F7556}") = "Demo.Lib", "out\src\Demo.Lib\Demo.Lib.csproj", "{4D144E64-5AF9-45A8-93B8-C09F920761EB}"
EndProject
Project("{9A19103F-16F7-4668-BE54-9A1E7A4F7556}") = "Demo.WebApi", "out\src\Demo.WebApi\Demo.WebApi.csproj", "{DFA2E827-F963-4D8B-BE44-D48A3366A9D1}"
EndProject
Global
	GlobalSection(SolutionConfigurationPlatforms) = preSolution
		Debug|Any CPU = Debug|Any CPU
		Release|Any CPU = Release|Any CPU
	EndGlobalSection
	GlobalSection(ProjectConfigurationPlatforms) = postSolution
		{4D144E64-5AF9-45A8-93B8-C09F920761EB}.Debug|Any CPU.ActiveCfg = Debug|Any CPU
		{4D144E64-5AF9-45A8-93B8-C09F920761EB}.Debug|Any CPU.Build.0 = Debug|Any CPU
		{4D144E64-5AF9-45A8-93B8-C09F920761EB}.Release|Any CPU.ActiveCfg = Release|Any CPU
		{4D144E64-5AF9-45A8-93B8-C09F920761EB}.Release|Any CPU.Build.0 = Release|Any CPU
		{DFA2E827-F963-4D8B-BE44-D48A3366A9D1}.Debug|Any CPU.ActiveCfg = Debug|Any CPU
		{DFA2E827-F963-4D8B-BE44-D48A3366A9D1}.Debug|Any CPU.Build.0 = Debug|Any CPU
		{DFA2E827-F963-4D8B-BE44-D48A3366A9D1}.Release|Any CPU.ActiveCfg = Release|Any CPU
		{DFA2E827-F963-4D8B-BE44-D48A3366A9D1}.Release|Any CPU.Build.0 = Release|Any CPU
	EndGlobalSection
	GlobalSection(SolutionProperties) = preSolution
		HideSolutionNode = FALSE
	EndGlobalSection
	GlobalSection(NestedProjects) = preSolution
		{51C0DB47-1C97-4106-9B3E-0A0F55136E1C} = {E6052163-E33F-4C06-A5B0-88B5CA8254D1}
		{4D144E64-5AF9-45A8-93B8-C09F920761EB} = {51C0DB47-1C97-4106-9B3E-0A0F55136E1C}
		{DFA2E827-F963-4D8B-BE44-D48A3366A9D1} = {51C0DB47-1C97-4106-9B3E-0A0F55136E1C}
	EndGlobalSection
	GlobalSection(ExtensibilityGlobals) = postSolution
		SolutionGuid = {EDF94CCE-3A29-486B-A7C2-A55CEC0DCA61}
	EndGlobalSection
EndGlobal
